# THIS IS AN AUTOGENERATED FILE. DO NOT EDIT THIS FILE DIRECTLY.
# yarn lockfile v1


balanced-match@^1.0.0:
  version "1.0.2"
  resolved "https://registry.yarnpkg.com/balanced-match/-/balanced-match-1.0.2.tgz#e83e3a7e3f300b34cb9d87f615fa0cbf357690ee"
  integrity sha512-3oSeUO0TMV67hN1AmbXsK4yaqU7tjiHlbxRDZOpH0KW9+CeX4bRAaX0Anxt0tx2MrpRpWwQaPwIlISEJhYU5Pw==

brace-expansion@^2.0.1:
  version "2.0.1"
  resolved "https://registry.yarnpkg.com/brace-expansion/-/brace-expansion-2.0.1.tgz#1edc459e0f0c548486ecf9fc99f2221364b9a0ae"
  integrity sha512-XnAIvQ8eM+kC6aULx6wuQiwVsnzsi9d3WxzV3FpWTGA19F621kwdbsAcFKXgKUHZWsy+mY6iL1sHTxWEFCytDA==
  dependencies:
    balanced-match "^1.0.0"

fs.realpath@^1.0.0:
  version "1.0.0"
  resolved "https://registry.yarnpkg.com/fs.realpath/-/fs.realpath-1.0.0.tgz#1504ad2523158caa40db4a2787cb01411994ea4f"
  integrity sha512-OO0pH2lK6a0hZnAdau5ItzHPI6pUlvI7jMVnxUQRtw4owF2wk8lOSabtGDCTP4Ggrg2MbGnWO9X8K1t4+fGMDw==

glob@^9.2.0:
  version "9.3.1"
  resolved "https://registry.yarnpkg.com/glob/-/glob-9.3.1.tgz#4a15cf72479a440f77e97805b21e1b5b6e4fb18a"
  integrity sha512-qERvJb7IGsnkx6YYmaaGvDpf77c951hICMdWaFXyH3PlVob8sbPJJyJX0kWkiCWyXUzoy9UOTNjGg0RbD8bYIw==
  dependencies:
    fs.realpath "^1.0.0"
    minimatch "^7.4.1"
    minipass "^4.2.4"
    path-scurry "^1.6.1"

lru-cache@^7.14.1:
  version "7.18.3"
  resolved "https://registry.yarnpkg.com/lru-cache/-/lru-cache-7.18.3.tgz#f793896e0fd0e954a59dfdd82f0773808df6aa89"
  integrity sha512-jumlc0BIUrS3qJGgIkWZsyfAM7NCWiBcCDhnd+3NNM5KbBmLTgHVfWBcg6W+rLUsIpzpERPsvwUP7CckAQSOoA==

minimatch@^7.4.1:
  version "7.4.2"
  resolved "https://registry.yarnpkg.com/minimatch/-/minimatch-7.4.2.tgz#157e847d79ca671054253b840656720cb733f10f"
  integrity sha512-xy4q7wou3vUoC9k1xGTXc+awNdGaGVHtFUaey8tiX4H1QRc04DZ/rmDFwNm2EBsuYEhAZ6SgMmYf3InGY6OauA==
  dependencies:
    brace-expansion "^2.0.1"

minipass@^4.0.2, minipass@^4.2.4:
  version "4.2.5"
  resolved "https://registry.yarnpkg.com/minipass/-/minipass-4.2.5.tgz#9e0e5256f1e3513f8c34691dd68549e85b2c8ceb"
  integrity sha512-+yQl7SX3bIT83Lhb4BVorMAHVuqsskxRdlmO9kTpyukp8vsm2Sn/fUOV9xlnG8/a5JsypJzap21lz/y3FBMJ8Q==

path-scurry@^1.6.1:
  version "1.6.2"
  resolved "https://registry.yarnpkg.com/path-scurry/-/path-scurry-1.6.2.tgz#72783838113a4a0cec155323b2c01eb1b193396f"
  integrity sha512-J6MQNh56h6eHFY3vsQ+Lq+zKPwn71POieutmVt2leU8W+zz8HVIdJyn3I3Zs6IKbIQtuKXirVjTBFNBcbFO44Q==
  dependencies:
    lru-cache "^7.14.1"
    minipass "^4.0.2"

rimraf@^4.4.0:
  version "4.4.0"
  resolved "https://registry.yarnpkg.com/rimraf/-/rimraf-4.4.0.tgz#c7a9f45bb2ec058d2e60ef9aca5167974313d605"
  integrity sha512-X36S+qpCUR0HjXlkDe4NAOhS//aHH0Z+h8Ckf2auGJk3PTnx5rLmrHkwNdbVQuCSUhOyFrlRvFEllZOYE+yZGQ==
  dependencies:
    glob "^9.2.0"

typescript@^5.0.2:
  version "5.0.2"
  resolved "https://registry.yarnpkg.com/typescript/-/typescript-5.0.2.tgz#891e1a90c5189d8506af64b9ef929fca99ba1ee5"
  integrity sha512-wVORMBGO/FAs/++blGNeAVdbNKtIh1rbBL2EyQ1+J9lClJ93KiiKe8PmFIVdXhHcyv44SL9oglmfeSsndo0jRw==

zod@^3.21.4:
  version "3.21.4"
  resolved "https://registry.yarnpkg.com/zod/-/zod-3.21.4.tgz#10882231d992519f0a10b5dd58a38c9dabbb64db"
  integrity sha512-m46AKbrzKVzOzs/DZgVnG5H55N1sv1M8qZU3A8RIKbs3mrACDNeIOeilDymVb2HdmP8uwshOCF4uJ8uM9rCqJw==
